
Microsoft Visual Studio Solution File, Format Version 12.00
# Visual Studio 15
VisualStudioVersion = 15.0.27130.2036
MinimumVisualStudioVersion = 10.0.40219.1
Project("{FAE04EC0-301F-11D3-BF4B-00C04F79EFBC}") = "OnlineStore", "OnlineStore\OnlineStore.csproj", "{E4DFE490-EAA5-4F16-A381-7225B0B59300}"
EndProject
Project("{E53339B2-1760-4266-BCC7-CA923CBCF16C}") = "docker-compose", "docker-compose.dcproj", "{5C1B18E7-540F-4A2D-B878-FB5899857068}"
EndProject
Global
	GlobalSection(SolutionConfigurationPlatforms) = preSolution
		Debug|Any CPU = Debug|Any CPU
		Release|Any CPU = Release|Any CPU
	EndGlobalSection
	GlobalSection(ProjectConfigurationPlatforms) = postSolution
		{E4DFE490-EAA5-4F16-A381-7225B0B59300}.Debug|Any CPU.ActiveCfg = Debug|Any CPU
		{E4DFE490-EAA5-4F16-A381-7225B0B59300}.Debug|Any CPU.Build.0 = Debug|Any CPU
		{E4DFE490-EAA5-4F16-A381-7225B0B59300}.Release|Any CPU.ActiveCfg = Release|Any CPU
		{E4DFE490-EAA5-4F16-A381-7225B0B59300}.Release|Any CPU.Build.0 = Release|Any CPU
		{5C1B18E7-540F-4A2D-B878-FB5899857068}.Debug|Any CPU.ActiveCfg = Debug|Any CPU
		{5C1B18E7-540F-4A2D-B878-FB5899857068}.Debug|Any CPU.Build.0 = Debug|Any CPU
		{5C1B18E7-540F-4A2D-B878-FB5899857068}.Release|Any CPU.ActiveCfg = Release|Any CPU
		{5C1B18E7-540F-4A2D-B878-FB5899857068}.Release|Any CPU.Build.0 = Release|Any CPU
	EndGlobalSection
	GlobalSection(SolutionProperties) = preSolution
		HideSolutionNode = FALSE
	EndGlobalSection
	GlobalSection(ExtensibilityGlobals) = postSolution
		SolutionGuid = {FD233A6D-BF41-4671-8876-6FDE77F1C656}
	EndGlobalSection
EndGlobal
